{
  "name": "example-target-repo",
  "version": "1.0.0",
  "lockfileVersion": 3,
  "requires": true,
  "packages": {
    "": {
      "name": "example-target-repo",
      "version": "1.0.0",
      "license": "ISC",
      "dependencies": {
        "uuid": "^1.4.2"
      }
    },
    "node_modules/uuid": {
      "version": "1.4.2",
      "resolved": "https://registry.npmjs.org/uuid/-/uuid-1.4.2.tgz",
      "integrity": "sha512-woV5Ei+GBJyrqMXt0mJ9p8/I+47LYKp/4urH76FNTMjl22EhLPz1tNrQufTsrFf/PYV/7ctSZYAK7fKPWQKg+Q==",
      "deprecated": "Please upgrade to version 7 or higher.  Older versions may use Math.random() in certain circumstances, which is known to be problematic.  See https://v8.dev/blog/math-random for details."
    }
  }
}
